// !$*UTF8*$!
{
	archiveVersion = 1;
	classes = {
	};
	objectVersion = 56;
	objects = {

/* Begin PBXBuildFile section */
		EFDA1F002C27035E002B81F6 /* LessWrong_ReaderApp.swift in Sources */ = {isa = PBXBuildFile; fileRef = EFDA1EFF2C27035E002B81F6 /* LessWrong_ReaderApp.swift */; };
		EFDA1F022C27035E002B81F6 /* ContentView.swift in Sources */ = {isa = PBXBuildFile; fileRef = EFDA1F012C27035E002B81F6 /* ContentView.swift */; };
		EFDA1F042C270360002B81F6 /* Assets.xcassets in Resources */ = {isa = PBXBuildFile; fileRef = EFDA1F032C270360002B81F6 /* Assets.xcassets */; };
		EFDA1F082C270360002B81F6 /* Preview Assets.xcassets in Resources */ = {isa = PBXBuildFile; fileRef = EFDA1F072C270360002B81F6 /* Preview Assets.xcassets */; };
		EFDA1F122C270360002B81F6 /* LessWrong_ReaderTests.swift in Sources */ = {isa = PBXBuildFile; fileRef = EFDA1F112C270360002B81F6 /* LessWrong_ReaderTests.swift */; };
		EFDA1F1C2C270360002B81F6 /* LessWrong_ReaderUITests.swift in Sources */ = {isa = PBXBuildFile; fileRef = EFDA1F1B2C270360002B81F6 /* LessWrong_ReaderUITests.swift */; };
		EFDA1F1E2C270360002B81F6 /* LessWrong_ReaderUITestsLaunchTests.swift in Sources */ = {isa = PBXBuildFile; fileRef = EFDA1F1D2C270360002B81F6 /* LessWrong_ReaderUITestsLaunchTests.swift */; };
/* End PBXBuildFile section */

/* Begin PBXContainerItemProxy section */
		EFDA1F0E2C270360002B81F6 /* PBXContainerItemProxy */ = {
			isa = PBXContainerItemProxy;
			containerPortal = EFDA1EF42C27035E002B81F6 /* Project object */;
			proxyType = 1;
			remoteGlobalIDString = EFDA1EFB2C27035E002B81F6;
			remoteInfo = "LessWrong Reader";
		};
		EFDA1F182C270360002B81F6 /* PBXContainerItemProxy */ = {
			isa = PBXContainerItemProxy;
			containerPortal = EFDA1EF42C27035E002B81F6 /* Project object */;
			proxyType = 1;
			remoteGlobalIDString = EFDA1EFB2C27035E002B81F6;
			remoteInfo = "LessWrong Reader";
		};
/* End PBXContainerItemProxy section */

/* Begin PBXFileReference section */
		EFDA1EFC2C27035E002B81F6 /* LessWrong Reader.app */ = {isa = PBXFileReference; explicitFileType = wrapper.application; includeInIndex = 0; path = "LessWrong Reader.app"; sourceTree = BUILT_PRODUCTS_DIR; };
		EFDA1EFF2C27035E002B81F6 /* LessWrong_ReaderApp.swift */ = {isa = PBXFileReference; lastKnownFileType = sourcecode.swift; path = LessWrong_ReaderApp.swift; sourceTree = "<group>"; };
		EFDA1F012C27035E002B81F6 /* ContentView.swift */ = {isa = PBXFileReference; lastKnownFileType = sourcecode.swift; path = ContentView.swift; sourceTree = "<group>"; };
		EFDA1F032C270360002B81F6 /* Assets.xcassets */ = {isa = PBXFileReference; lastKnownFileType = folder.assetcatalog; path = Assets.xcassets; sourceTree = "<group>"; };
		EFDA1F052C270360002B81F6 /* LessWrong_Reader.entitlements */ = {isa = PBXFileReference; lastKnownFileType = text.plist.entitlements; path = LessWrong_Reader.entitlements; sourceTree = "<group>"; };
		EFDA1F072C270360002B81F6 /* Preview Assets.xcassets */ = {isa = PBXFileReference; lastKnownFileType = folder.assetcatalog; path = "Preview Assets.xcassets"; sourceTree = "<group>"; };
		EFDA1F0D2C270360002B81F6 /* LessWrong ReaderTests.xctest */ = {isa = PBXFileReference; explicitFileType = wrapper.cfbundle; includeInIndex = 0; path = "LessWrong ReaderTests.xctest"; sourceTree = BUILT_PRODUCTS_DIR; };
		EFDA1F112C270360002B81F6 /* LessWrong_ReaderTests.swift */ = {isa = PBXFileReference; lastKnownFileType = sourcecode.swift; path = LessWrong_ReaderTests.swift; sourceTree = "<group>"; };
		EFDA1F172C270360002B81F6 /* LessWrong ReaderUITests.xctest */ = {isa = PBXFileReference; explicitFileType = wrapper.cfbundle; includeInIndex = 0; path = "LessWrong ReaderUITests.xctest"; sourceTree = BUILT_PRODUCTS_DIR; };
		EFDA1F1B2C270360002B81F6 /* LessWrong_ReaderUITests.swift */ = {isa = PBXFileReference; lastKnownFileType = sourcecode.swift; path = LessWrong_ReaderUITests.swift; sourceTree = "<group>"; };
		EFDA1F1D2C270360002B81F6 /* LessWrong_ReaderUITestsLaunchTests.swift */ = {isa = PBXFileReference; lastKnownFileType = sourcecode.swift; path = LessWrong_ReaderUITestsLaunchTests.swift; sourceTree = "<group>"; };
/* End PBXFileReference section */

/* Begin PBXFrameworksBuildPhase section */
		EFDA1EF92C27035E002B81F6 /* Frameworks */ = {
			isa = PBXFrameworksBuildPhase;
			buildActionMask = 2147483647;
			files = (
			);
			runOnlyForDeploymentPostprocessing = 0;
		};
		EFDA1F0A2C270360002B81F6 /* Frameworks */ = {
			isa = PBXFrameworksBuildPhase;
			buildActionMask = 2147483647;
			files = (
			);
			runOnlyForDeploymentPostprocessing = 0;
		};
		EFDA1F142C270360002B81F6 /* Frameworks */ = {
			isa = PBXFrameworksBuildPhase;
			buildActionMask = 2147483647;
			files = (
			);
			runOnlyForDeploymentPostprocessing = 0;
		};
/* End PBXFrameworksBuildPhase section */

/* Begin PBXGroup section */
		EFDA1EF32C27035E002B81F6 = {
			isa = PBXGroup;
			children = (
				EFDA1EFE2C27035E002B81F6 /* LessWrong Reader */,
				EFDA1F102C270360002B81F6 /* LessWrong ReaderTests */,
				EFDA1F1A2C270360002B81F6 /* LessWrong ReaderUITests */,
				EFDA1EFD2C27035E002B81F6 /* Products */,
			);
			sourceTree = "<group>";
		};
		EFDA1EFD2C27035E002B81F6 /* Products */ = {
			isa = PBXGroup;
			children = (
				EFDA1EFC2C27035E002B81F6 /* LessWrong Reader.app */,
				EFDA1F0D2C270360002B81F6 /* LessWrong ReaderTests.xctest */,
				EFDA1F172C270360002B81F6 /* LessWrong ReaderUITests.xctest */,
			);
			name = Products;
			sourceTree = "<group>";
		};
		EFDA1EFE2C27035E002B81F6 /* LessWrong Reader */ = {
			isa = PBXGroup;
			children = (
				EFDA1EFF2C27035E002B81F6 /* LessWrong_ReaderApp.swift */,
				EFDA1F012C27035E002B81F6 /* ContentView.swift */,
				EFDA1F032C270360002B81F6 /* Assets.xcassets */,
				EFDA1F052C270360002B81F6 /* LessWrong_Reader.entitlements */,
				EFDA1F062C270360002B81F6 /* Preview Content */,
			);
			path = "LessWrong Reader";
			sourceTree = "<group>";
		};
		EFDA1F062C270360002B81F6 /* Preview Content */ = {
			isa = PBXGroup;
			children = (
				EFDA1F072C270360002B81F6 /* Preview Assets.xcassets */,
			);
			path = "Preview Content";
			sourceTree = "<group>";
		};
		EFDA1F102C270360002B81F6 /* LessWrong ReaderTests */ = {
			isa = PBXGroup;
			children = (
				EFDA1F112C270360002B81F6 /* LessWrong_ReaderTests.swift */,
			);
			path = "LessWrong ReaderTests";
			sourceTree = "<group>";
		};
		EFDA1F1A2C270360002B81F6 /* LessWrong ReaderUITests */ = {
			isa = PBXGroup;
			children = (
				EFDA1F1B2C270360002B81F6 /* LessWrong_ReaderUITests.swift */,
				EFDA1F1D2C270360002B81F6 /* LessWrong_ReaderUITestsLaunchTests.swift */,
			);
			path = "LessWrong ReaderUITests";
			sourceTree = "<group>";
		};
/* End PBXGroup section */

/* Begin PBXNativeTarget section */
		EFDA1EFB2C27035E002B81F6 /* LessWrong Reader */ = {
			isa = PBXNativeTarget;
			buildConfigurationList = EFDA1F212C270360002B81F6 /* Build configuration list for PBXNativeTarget "LessWrong Reader" */;
			buildPhases = (
				EFDA1EF82C27035E002B81F6 /* Sources */,
				EFDA1EF92C27035E002B81F6 /* Frameworks */,
				EFDA1EFA2C27035E002B81F6 /* Resources */,
			);
			buildRules = (
			);
			dependencies = (
			);
			name = "LessWrong Reader";
			productName = "LessWrong Reader";
			productReference = EFDA1EFC2C27035E002B81F6 /* LessWrong Reader.app */;
			productType = "com.apple.product-type.application";
		};
		EFDA1F0C2C270360002B81F6 /* LessWrong ReaderTests */ = {
			isa = PBXNativeTarget;
			buildConfigurationList = EFDA1F242C270360002B81F6 /* Build configuration list for PBXNativeTarget "LessWrong ReaderTests" */;
			buildPhases = (
				EFDA1F092C270360002B81F6 /* Sources */,
				EFDA1F0A2C270360002B81F6 /* Frameworks */,
				EFDA1F0B2C270360002B81F6 /* Resources */,
			);
			buildRules = (
			);
			dependencies = (
				EFDA1F0F2C270360002B81F6 /* PBXTargetDependency */,
			);
			name = "LessWrong ReaderTests";
			productName = "LessWrong ReaderTests";
			productReference = EFDA1F0D2C270360002B81F6 /* LessWrong ReaderTests.xctest */;
			productType = "com.apple.product-type.bundle.unit-test";
		};
		EFDA1F162C270360002B81F6 /* LessWrong ReaderUITests */ = {
			isa = PBXNativeTarget;
			buildConfigurationList = EFDA1F272C270360002B81F6 /* Build configuration list for PBXNativeTarget "LessWrong ReaderUITests" */;
			buildPhases = (
				EFDA1F132C270360002B81F6 /* Sources */,
				EFDA1F142C270360002B81F6 /* Frameworks */,
				EFDA1F152C270360002B81F6 /* Resources */,
			);
			buildRules = (
			);
			dependencies = (
				EFDA1F192C270360002B81F6 /* PBXTargetDependency */,
			);
			name = "LessWrong ReaderUITests";
			productName = "LessWrong ReaderUITests";
			productReference = EFDA1F172C270360002B81F6 /* LessWrong ReaderUITests.xctest */;
			productType = "com.apple.product-type.bundle.ui-testing";
		};
/* End PBXNativeTarget section */

/* Begin PBXProject section */
		EFDA1EF42C27035E002B81F6 /* Project object */ = {
			isa = PBXProject;
			attributes = {
				BuildIndependentTargetsInParallel = 1;
				LastSwiftUpdateCheck = 1540;
				LastUpgradeCheck = 1540;
				TargetAttributes = {
					EFDA1EFB2C27035E002B81F6 = {
						CreatedOnToolsVersion = 15.4;
					};
					EFDA1F0C2C270360002B81F6 = {
						CreatedOnToolsVersion = 15.4;
						TestTargetID = EFDA1EFB2C27035E002B81F6;
					};
					EFDA1F162C270360002B81F6 = {
						CreatedOnToolsVersion = 15.4;
						TestTargetID = EFDA1EFB2C27035E002B81F6;
					};
				};
			};
			buildConfigurationList = EFDA1EF72C27035E002B81F6 /* Build configuration list for PBXProject "LessWrong Reader" */;
			compatibilityVersion = "Xcode 14.0";
			developmentRegion = en;
			hasScannedForEncodings = 0;
			knownRegions = (
				en,
				Base,
			);
			mainGroup = EFDA1EF32C27035E002B81F6;
			productRefGroup = EFDA1EFD2C27035E002B81F6 /* Products */;
			projectDirPath = "";
			projectRoot = "";
			targets = (
				EFDA1EFB2C27035E002B81F6 /* LessWrong Reader */,
				EFDA1F0C2C270360002B81F6 /* LessWrong ReaderTests */,
				EFDA1F162C270360002B81F6 /* LessWrong ReaderUITests */,
			);
		};
/* End PBXProject section */

/* Begin PBXResourcesBuildPhase section */
		EFDA1EFA2C27035E002B81F6 /* Resources */ = {
			isa = PBXResourcesBuildPhase;
			buildActionMask = 2147483647;
			files = (
				EFDA1F082C270360002B81F6 /* Preview Assets.xcassets in Resources */,
				EFDA1F042C270360002B81F6 /* Assets.xcassets in Resources */,
			);
			runOnlyForDeploymentPostprocessing = 0;
		};
		EFDA1F0B2C270360002B81F6 /* Resources */ = {
			isa = PBXResourcesBuildPhase;
			buildActionMask = 2147483647;
			files = (
			);
			runOnlyForDeploymentPostprocessing = 0;
		};
		EFDA1F152C270360002B81F6 /* Resources */ = {
			isa = PBXResourcesBuildPhase;
			buildActionMask = 2147483647;
			files = (
			);
			runOnlyForDeploymentPostprocessing = 0;
		};
/* End PBXResourcesBuildPhase section */

/* Begin PBXSourcesBuildPhase section */
		EFDA1EF82C27035E002B81F6 /* Sources */ = {
			isa = PBXSourcesBuildPhase;
			buildActionMask = 2147483647;
			files = (
				EFDA1F022C27035E002B81F6 /* ContentView.swift in Sources */,
				EFDA1F002C27035E002B81F6 /* LessWrong_ReaderApp.swift in Sources */,
			);
			runOnlyForDeploymentPostprocessing = 0;
		};
		EFDA1F092C270360002B81F6 /* Sources */ = {
			isa = PBXSourcesBuildPhase;
			buildActionMask = 2147483647;
			files = (
				EFDA1F122C270360002B81F6 /* LessWrong_ReaderTests.swift in Sources */,
			);
			runOnlyForDeploymentPostprocessing = 0;
		};
		EFDA1F132C270360002B81F6 /* Sources */ = {
			isa = PBXSourcesBuildPhase;
			buildActionMask = 2147483647;
			files = (
				EFDA1F1E2C270360002B81F6 /* LessWrong_ReaderUITestsLaunchTests.swift in Sources */,
				EFDA1F1C2C270360002B81F6 /* LessWrong_ReaderUITests.swift in Sources */,
			);
			runOnlyForDeploymentPostprocessing = 0;
		};
/* End PBXSourcesBuildPhase section */

/* Begin PBXTargetDependency section */
		EFDA1F0F2C270360002B81F6 /* PBXTargetDependency */ = {
			isa = PBXTargetDependency;
			target = EFDA1EFB2C27035E002B81F6 /* LessWrong Reader */;
			targetProxy = EFDA1F0E2C270360002B81F6 /* PBXContainerItemProxy */;
		};
		EFDA1F192C270360002B81F6 /* PBXTargetDependency */ = {
			isa = PBXTargetDependency;
			target = EFDA1EFB2C27035E002B81F6 /* LessWrong Reader */;
			targetProxy = EFDA1F182C270360002B81F6 /* PBXContainerItemProxy */;
		};
/* End PBXTargetDependency section */

/* Begin XCBuildConfiguration section */
		EFDA1F1F2C270360002B81F6 /* Debug */ = {
			isa = XCBuildConfiguration;
			buildSettings = {
				ALWAYS_SEARCH_USER_PATHS = NO;
				ASSETCATALOG_COMPILER_GENERATE_SWIFT_ASSET_SYMBOL_EXTENSIONS = YES;
				CLANG_ANALYZER_NONNULL = YES;
				CLANG_ANALYZER_NUMBER_OBJECT_CONVERSION = YES_AGGRESSIVE;
				CLANG_CXX_LANGUAGE_STANDARD = "gnu++20";
				CLANG_ENABLE_MODULES = YES;
				CLANG_ENABLE_OBJC_ARC = YES;
				CLANG_ENABLE_OBJC_WEAK = YES;
				CLANG_WARN_BLOCK_CAPTURE_AUTORELEASING = YES;
				CLANG_WARN_BOOL_CONVERSION = YES;
				CLANG_WARN_COMMA = YES;
				CLANG_WARN_CONSTANT_CONVERSION = YES;
				CLANG_WARN_DEPRECATED_OBJC_IMPLEMENTATIONS = YES;
				CLANG_WARN_DIRECT_OBJC_ISA_USAGE = YES_ERROR;
				CLANG_WARN_DOCUMENTATION_COMMENTS = YES;
				CLANG_WARN_EMPTY_BODY = YES;
				CLANG_WARN_ENUM_CONVERSION = YES;
				CLANG_WARN_INFINITE_RECURSION = YES;
				CLANG_WARN_INT_CONVERSION = YES;
				CLANG_WARN_NON_LITERAL_NULL_CONVERSION = YES;
				CLANG_WARN_OBJC_IMPLICIT_RETAIN_SELF = YES;
				CLANG_WARN_OBJC_LITERAL_CONVERSION = YES;
				CLANG_WARN_OBJC_ROOT_CLASS = YES_ERROR;
				CLANG_WARN_QUOTED_INCLUDE_IN_FRAMEWORK_HEADER = YES;
				CLANG_WARN_RANGE_LOOP_ANALYSIS = YES;
				CLANG_WARN_STRICT_PROTOTYPES = YES;
				CLANG_WARN_SUSPICIOUS_MOVE = YES;
				CLANG_WARN_UNGUARDED_AVAILABILITY = YES_AGGRESSIVE;
				CLANG_WARN_UNREACHABLE_CODE = YES;
				CLANG_WARN__DUPLICATE_METHOD_MATCH = YES;
				COPY_PHASE_STRIP = NO;
				DEBUG_INFORMATION_FORMAT = dwarf;
				ENABLE_STRICT_OBJC_MSGSEND = YES;
				ENABLE_TESTABILITY = YES;
				ENABLE_USER_SCRIPT_SANDBOXING = YES;
				GCC_C_LANGUAGE_STANDARD = gnu17;
				GCC_DYNAMIC_NO_PIC = NO;
				GCC_NO_COMMON_BLOCKS = YES;
				GCC_OPTIMIZATION_LEVEL = 0;
				GCC_PREPROCESSOR_DEFINITIONS = (
					"DEBUG=1",
					"$(inherited)",
				);
				GCC_WARN_64_TO_32_BIT_CONVERSION = YES;
				GCC_WARN_ABOUT_RETURN_TYPE = YES_ERROR;
				GCC_WARN_UNDECLARED_SELECTOR = YES;
				GCC_WARN_UNINITIALIZED_AUTOS = YES_AGGRESSIVE;
				GCC_WARN_UNUSED_FUNCTION = YES;
				GCC_WARN_UNUSED_VARIABLE = YES;
				LOCALIZATION_PREFERS_STRING_CATALOGS = YES;
				MTL_ENABLE_DEBUG_INFO = INCLUDE_SOURCE;
				MTL_FAST_MATH = YES;
				ONLY_ACTIVE_ARCH = YES;
				SWIFT_ACTIVE_COMPILATION_CONDITIONS = "DEBUG $(inherited)";
				SWIFT_OPTIMIZATION_LEVEL = "-Onone";
			};
			name = Debug;
		};
		EFDA1F202C270360002B81F6 /* Release */ = {
			isa = XCBuildConfiguration;
			buildSettings = {
				ALWAYS_SEARCH_USER_PATHS = NO;
				ASSETCATALOG_COMPILER_GENERATE_SWIFT_ASSET_SYMBOL_EXTENSIONS = YES;
				CLANG_ANALYZER_NONNULL = YES;
				CLANG_ANALYZER_NUMBER_OBJECT_CONVERSION = YES_AGGRESSIVE;
				CLANG_CXX_LANGUAGE_STANDARD = "gnu++20";
				CLANG_ENABLE_MODULES = YES;
				CLANG_ENABLE_OBJC_ARC = YES;
				CLANG_ENABLE_OBJC_WEAK = YES;
				CLANG_WARN_BLOCK_CAPTURE_AUTORELEASING = YES;
				CLANG_WARN_BOOL_CONVERSION = YES;
				CLANG_WARN_COMMA = YES;
				CLANG_WARN_CONSTANT_CONVERSION = YES;
				CLANG_WARN_DEPRECATED_OBJC_IMPLEMENTATIONS = YES;
				CLANG_WARN_DIRECT_OBJC_ISA_USAGE = YES_ERROR;
				CLANG_WARN_DOCUMENTATION_COMMENTS = YES;
				CLANG_WARN_EMPTY_BODY = YES;
				CLANG_WARN_ENUM_CONVERSION = YES;
				CLANG_WARN_INFINITE_RECURSION = YES;
				CLANG_WARN_INT_CONVERSION = YES;
				CLANG_WARN_NON_LITERAL_NULL_CONVERSION = YES;
				CLANG_WARN_OBJC_IMPLICIT_RETAIN_SELF = YES;
				CLANG_WARN_OBJC_LITERAL_CONVERSION = YES;
				CLANG_WARN_OBJC_ROOT_CLASS = YES_ERROR;
				CLANG_WARN_QUOTED_INCLUDE_IN_FRAMEWORK_HEADER = YES;
				CLANG_WARN_RANGE_LOOP_ANALYSIS = YES;
				CLANG_WARN_STRICT_PROTOTYPES = YES;
				CLANG_WARN_SUSPICIOUS_MOVE = YES;
				CLANG_WARN_UNGUARDED_AVAILABILITY = YES_AGGRESSIVE;
				CLANG_WARN_UNREACHABLE_CODE = YES;
				CLANG_WARN__DUPLICATE_METHOD_MATCH = YES;
				COPY_PHASE_STRIP = NO;
				DEBUG_INFORMATION_FORMAT = "dwarf-with-dsym";
				ENABLE_NS_ASSERTIONS = NO;
				ENABLE_STRICT_OBJC_MSGSEND = YES;
				ENABLE_USER_SCRIPT_SANDBOXING = YES;
				GCC_C_LANGUAGE_STANDARD = gnu17;
				GCC_NO_COMMON_BLOCKS = YES;
				GCC_WARN_64_TO_32_BIT_CONVERSION = YES;
				GCC_WARN_ABOUT_RETURN_TYPE = YES_ERROR;
				GCC_WARN_UNDECLARED_SELECTOR = YES;
				GCC_WARN_UNINITIALIZED_AUTOS = YES_AGGRESSIVE;
				GCC_WARN_UNUSED_FUNCTION = YES;
				GCC_WARN_UNUSED_VARIABLE = YES;
				LOCALIZATION_PREFERS_STRING_CATALOGS = YES;
				MTL_ENABLE_DEBUG_INFO = NO;
				MTL_FAST_MATH = YES;
				SWIFT_COMPILATION_MODE = wholemodule;
			};
			name = Release;
		};
		EFDA1F222C270360002B81F6 /* Debug */ = {
			isa = XCBuildConfiguration;
			buildSettings = {
				ASSETCATALOG_COMPILER_APPICON_NAME = AppIcon;
				ASSETCATALOG_COMPILER_GLOBAL_ACCENT_COLOR_NAME = AccentColor;
				CODE_SIGN_ENTITLEMENTS = "LessWrong Reader/LessWrong_Reader.entitlements";
				CODE_SIGN_STYLE = Automatic;
				CURRENT_PROJECT_VERSION = 1;
				DEVELOPMENT_ASSET_PATHS = "\"LessWrong Reader/Preview Content\"";
				DEVELOPMENT_TEAM = 53DRW8MWBA;
				ENABLE_HARDENED_RUNTIME = YES;
				ENABLE_PREVIEWS = YES;
				GENERATE_INFOPLIST_FILE = YES;
				"INFOPLIST_KEY_UIApplicationSceneManifest_Generation[sdk=iphoneos*]" = YES;
				"INFOPLIST_KEY_UIApplicationSceneManifest_Generation[sdk=iphonesimulator*]" = YES;
				"INFOPLIST_KEY_UIApplicationSupportsIndirectInputEvents[sdk=iphoneos*]" = YES;
				"INFOPLIST_KEY_UIApplicationSupportsIndirectInputEvents[sdk=iphonesimulator*]" = YES;
				"INFOPLIST_KEY_UILaunchScreen_Generation[sdk=iphoneos*]" = YES;
				"INFOPLIST_KEY_UILaunchScreen_Generation[sdk=iphonesimulator*]" = YES;
				"INFOPLIST_KEY_UIStatusBarStyle[sdk=iphoneos*]" = UIStatusBarStyleDefault;
				"INFOPLIST_KEY_UIStatusBarStyle[sdk=iphonesimulator*]" = UIStatusBarStyleDefault;
				INFOPLIST_KEY_UISupportedInterfaceOrientations_iPad = "UIInterfaceOrientationPortrait UIInterfaceOrientationPortraitUpsideDown UIInterfaceOrientationLandscapeLeft UIInterfaceOrientationLandscapeRight";
				INFOPLIST_KEY_UISupportedInterfaceOrientations_iPhone = "UIInterfaceOrientationPortrait UIInterfaceOrientationLandscapeLeft UIInterfaceOrientationLandscapeRight";
				IPHONEOS_DEPLOYMENT_TARGET = 17.5;
				LD_RUNPATH_SEARCH_PATHS = "@executable_path/Frameworks";
				"LD_RUNPATH_SEARCH_PATHS[sdk=macosx*]" = "@executable_path/../Frameworks";
				MACOSX_DEPLOYMENT_TARGET = 14.3;
				MARKETING_VERSION = 1.0;
				PRODUCT_BUNDLE_IDENTIFIER = "dev.malted.lesswrong.LessWrong-Reader";
				PRODUCT_NAME = "$(TARGET_NAME)";
				SDKROOT = auto;
				SUPPORTED_PLATFORMS = "iphoneos iphonesimulator macosx";
				SWIFT_EMIT_LOC_STRINGS = YES;
				SWIFT_VERSION = 5.0;
				TARGETED_DEVICE_FAMILY = "1,2";
			};
			name = Debug;
		};
		EFDA1F232C270360002B81F6 /* Release */ = {
			isa = XCBuildConfiguration;
			buildSettings = {
				ASSETCATALOG_COMPILER_APPICON_NAME = AppIcon;
				ASSETCATALOG_COMPILER_GLOBAL_ACCENT_COLOR_NAME = AccentColor;
				CODE_SIGN_ENTITLEMENTS = "LessWrong Reader/LessWrong_Reader.entitlements";
				CODE_SIGN_STYLE = Automatic;
				CURRENT_PROJECT_VERSION = 1;
				DEVELOPMENT_ASSET_PATHS = "\"LessWrong Reader/Preview Content\"";
				DEVELOPMENT_TEAM = 53DRW8MWBA;
				ENABLE_HARDENED_RUNTIME = YES;
				ENABLE_PREVIEWS = YES;
				GENERATE_INFOPLIST_FILE = YES;
				"INFOPLIST_KEY_UIApplicationSceneManifest_Generation[sdk=iphoneos*]" = YES;
				"INFOPLIST_KEY_UIApplicationSceneManifest_Generation[sdk=iphonesimulator*]" = YES;
				"INFOPLIST_KEY_UIApplicationSupportsIndirectInputEvents[sdk=iphoneos*]" = YES;
				"INFOPLIST_KEY_UIApplicationSupportsIndirectInputEvents[sdk=iphonesimulator*]" = YES;
				"INFOPLIST_KEY_UILaunchScreen_Generation[sdk=iphoneos*]" = YES;
				"INFOPLIST_KEY_UILaunchScreen_Generation[sdk=iphonesimulator*]" = YES;
				"INFOPLIST_KEY_UIStatusBarStyle[sdk=iphoneos*]" = UIStatusBarStyleDefault;
				"INFOPLIST_KEY_UIStatusBarStyle[sdk=iphonesimulator*]" = UIStatusBarStyleDefault;
				INFOPLIST_KEY_UISupportedInterfaceOrientations_iPad = "UIInterfaceOrientationPortrait UIInterfaceOrientationPortraitUpsideDown UIInterfaceOrientationLandscapeLeft UIInterfaceOrientationLandscapeRight";
				INFOPLIST_KEY_UISupportedInterfaceOrientations_iPhone = "UIInterfaceOrientationPortrait UIInterfaceOrientationLandscapeLeft UIInterfaceOrientationLandscapeRight";
				IPHONEOS_DEPLOYMENT_TARGET = 17.5;
				LD_RUNPATH_SEARCH_PATHS = "@executable_path/Frameworks";
				"LD_RUNPATH_SEARCH_PATHS[sdk=macosx*]" = "@executable_path/../Frameworks";
				MACOSX_DEPLOYMENT_TARGET = 14.3;
				MARKETING_VERSION = 1.0;
				PRODUCT_BUNDLE_IDENTIFIER = "dev.malted.lesswrong.LessWrong-Reader";
				PRODUCT_NAME = "$(TARGET_NAME)";
				SDKROOT = auto;
				SUPPORTED_PLATFORMS = "iphoneos iphonesimulator macosx";
				SWIFT_EMIT_LOC_STRINGS = YES;
				SWIFT_VERSION = 5.0;
				TARGETED_DEVICE_FAMILY = "1,2";
			};
			name = Release;
		};
		EFDA1F252C270360002B81F6 /* Debug */ = {
			isa = XCBuildConfiguration;
			buildSettings = {
				ALWAYS_EMBED_SWIFT_STANDARD_LIBRARIES = YES;
				BUNDLE_LOADER = "$(TEST_HOST)";
				CODE_SIGN_STYLE = Automatic;
				CURRENT_PROJECT_VERSION = 1;
				DEVELOPMENT_TEAM = 53DRW8MWBA;
				GENERATE_INFOPLIST_FILE = YES;
				IPHONEOS_DEPLOYMENT_TARGET = 17.5;
				MACOSX_DEPLOYMENT_TARGET = 14.3;
				MARKETING_VERSION = 1.0;
				PRODUCT_BUNDLE_IDENTIFIER = "dev.malted.lesswrong.LessWrong-ReaderTests";
				PRODUCT_NAME = "$(TARGET_NAME)";
				SDKROOT = auto;
				SUPPORTED_PLATFORMS = "iphoneos iphonesimulator macosx";
				SWIFT_EMIT_LOC_STRINGS = NO;
				SWIFT_VERSION = 5.0;
				TARGETED_DEVICE_FAMILY = "1,2";
				TEST_HOST = "$(BUILT_PRODUCTS_DIR)/LessWrong Reader.app/$(BUNDLE_EXECUTABLE_FOLDER_PATH)/LessWrong Reader";
			};
			name = Debug;
		};
		EFDA1F262C270360002B81F6 /* Release */ = {
			isa = XCBuildConfiguration;
			buildSettings = {
				ALWAYS_EMBED_SWIFT_STANDARD_LIBRARIES = YES;
				BUNDLE_LOADER = "$(TEST_HOST)";
				CODE_SIGN_STYLE = Automatic;
				CURRENT_PROJECT_VERSION = 1;
				DEVELOPMENT_TEAM = 53DRW8MWBA;
				GENERATE_INFOPLIST_FILE = YES;
				IPHONEOS_DEPLOYMENT_TARGET = 17.5;
				MACOSX_DEPLOYMENT_TARGET = 14.3;
				MARKETING_VERSION = 1.0;
				PRODUCT_BUNDLE_IDENTIFIER = "dev.malted.lesswrong.LessWrong-ReaderTests";
				PRODUCT_NAME = "$(TARGET_NAME)";
				SDKROOT = auto;
				SUPPORTED_PLATFORMS = "iphoneos iphonesimulator macosx";
				SWIFT_EMIT_LOC_STRINGS = NO;
				SWIFT_VERSION = 5.0;
				TARGETED_DEVICE_FAMILY = "1,2";
				TEST_HOST = "$(BUILT_PRODUCTS_DIR)/LessWrong Reader.app/$(BUNDLE_EXECUTABLE_FOLDER_PATH)/LessWrong Reader";
			};
			name = Release;
		};
		EFDA1F282C270360002B81F6 /* Debug */ = {
			isa = XCBuildConfiguration;
			buildSettings = {
				ALWAYS_EMBED_SWIFT_STANDARD_LIBRARIES = YES;
				CODE_SIGN_STYLE = Automatic;
				CURRENT_PROJECT_VERSION = 1;
				DEVELOPMENT_TEAM = 53DRW8MWBA;
				GENERATE_INFOPLIST_FILE = YES;
				IPHONEOS_DEPLOYMENT_TARGET = 17.5;
				MACOSX_DEPLOYMENT_TARGET = 14.3;
				MARKETING_VERSION = 1.0;
				PRODUCT_BUNDLE_IDENTIFIER = "dev.malted.lesswrong.LessWrong-ReaderUITests";
				PRODUCT_NAME = "$(TARGET_NAME)";
				SDKROOT = auto;
				SUPPORTED_PLATFORMS = "iphoneos iphonesimulator macosx";
				SWIFT_EMIT_LOC_STRINGS = NO;
				SWIFT_VERSION = 5.0;
				TARGETED_DEVICE_FAMILY = "1,2";
				TEST_TARGET_NAME = "LessWrong Reader";
			};
			name = Debug;
		};
		EFDA1F292C270360002B81F6 /* Release */ = {
			isa = XCBuildConfiguration;
			buildSettings = {
				ALWAYS_EMBED_SWIFT_STANDARD_LIBRARIES = YES;
				CODE_SIGN_STYLE = Automatic;
				CURRENT_PROJECT_VERSION = 1;
				DEVELOPMENT_TEAM = 53DRW8MWBA;
				GENERATE_INFOPLIST_FILE = YES;
				IPHONEOS_DEPLOYMENT_TARGET = 17.5;
				MACOSX_DEPLOYMENT_TARGET = 14.3;
				MARKETING_VERSION = 1.0;
				PRODUCT_BUNDLE_IDENTIFIER = "dev.malted.lesswrong.LessWrong-ReaderUITests";
				PRODUCT_NAME = "$(TARGET_NAME)";
				SDKROOT = auto;
				SUPPORTED_PLATFORMS = "iphoneos iphonesimulator macosx";
				SWIFT_EMIT_LOC_STRINGS = NO;
				SWIFT_VERSION = 5.0;
				TARGETED_DEVICE_FAMILY = "1,2";
				TEST_TARGET_NAME = "LessWrong Reader";
			};
			name = Release;
		};
/* End XCBuildConfiguration section */

/* Begin XCConfigurationList section */
		EFDA1EF72C27035E002B81F6 /* Build configuration list for PBXProject "LessWrong Reader" */ = {
			isa = XCConfigurationList;
			buildConfigurations = (
				EFDA1F1F2C270360002B81F6 /* Debug */,
				EFDA1F202C270360002B81F6 /* Release */,
			);
			defaultConfigurationIsVisible = 0;
			defaultConfigurationName = Release;
		};
		EFDA1F212C270360002B81F6 /* Build configuration list for PBXNativeTarget "LessWrong Reader" */ = {
			isa = XCConfigurationList;
			buildConfigurations = (
				EFDA1F222C270360002B81F6 /* Debug */,
				EFDA1F232C270360002B81F6 /* Release */,
			);
			defaultConfigurationIsVisible = 0;
			defaultConfigurationName = Release;
		};
		EFDA1F242C270360002B81F6 /* Build configuration list for PBXNativeTarget "LessWrong ReaderTests" */ = {
			isa = XCConfigurationList;
			buildConfigurations = (
				EFDA1F252C270360002B81F6 /* Debug */,
				EFDA1F262C270360002B81F6 /* Release */,
			);
			defaultConfigurationIsVisible = 0;
			defaultConfigurationName = Release;
		};
		EFDA1F272C270360002B81F6 /* Build configuration list for PBXNativeTarget "LessWrong ReaderUITests" */ = {
			isa = XCConfigurationList;
			buildConfigurations = (
				EFDA1F282C270360002B81F6 /* Debug */,
				EFDA1F292C270360002B81F6 /* Release */,
			);
			defaultConfigurationIsVisible = 0;
			defaultConfigurationName = Release;
		};
/* End XCConfigurationList section */
	};
	rootObject = EFDA1EF42C27035E002B81F6 /* Project object */;
}
